
Microsoft Visual Studio Solution File, Format Version 12.00
# Visual Studio Version 17
VisualStudioVersion = 17.14.36414.22 d17.14
MinimumVisualStudioVersion = 10.0.40219.1
Project("{FAE04EC0-301F-11D3-BF4B-00C04F79EFBC}") = "ComparadorSchema", "ComparadorSchema.csproj", "{966EA46B-8C89-46E7-9D36-53F773747B7B}"
EndProject
Global
	GlobalSection(SolutionConfigurationPlatforms) = preSolution
		Debug|Any CPU = Debug|Any CPU
		Release|Any CPU = Release|Any CPU
	EndGlobalSection
	GlobalSection(ProjectConfigurationPlatforms) = postSolution
		{966EA46B-8C89-46E7-9D36-53F773747B7B}.Debug|Any CPU.ActiveCfg = Debug|Any CPU
		{966EA46B-8C89-46E7-9D36-53F773747B7B}.Debug|Any CPU.Build.0 = Debug|Any CPU
		{966EA46B-8C89-46E7-9D36-53F773747B7B}.Release|Any CPU.ActiveCfg = Release|Any CPU
		{966EA46B-8C89-46E7-9D36-53F773747B7B}.Release|Any CPU.Build.0 = Release|Any CPU
	EndGlobalSection
	GlobalSection(SolutionProperties) = preSolution
		HideSolutionNode = FALSE
	EndGlobalSection
	GlobalSection(ExtensibilityGlobals) = postSolution
		SolutionGuid = {E8D28762-EFB7-4F96-99A9-50C4E0EAA832}
	EndGlobalSection
EndGlobal
